lockfileVersion: '9.0'

settings:
  autoInstallPeers: true
  excludeLinksFromLockfile: false

importers:

  .:
    dependencies:
      '@fastify/passport':
        specifier: ^3.0.2
        version: 3.0.2
      '@simplewebauthn/browser':
        specifier: ^13.1.0
        version: 13.1.0
      '@simplewebauthn/server':
        specifier: ^13.1.1
        version: 13.1.1
      '@simplewebauthn/types':
        specifier: ^12.0.0
        version: 12.0.0
      '@types/node':
        specifier: ^22.13.0
        version: 22.13.1
      concurrently:
        specifier: ^9.1.2
        version: 9.1.2
      passport-google-oauth20:
        specifier: ^2.0.0
        version: 2.0.0
      passport-line:
        specifier: ^0.0.4
        version: 0.0.4
      redis:
        specifier: ^4.7.0
        version: 4.7.0
    devDependencies:
      '@types/react':
        specifier: ^19.0.8
        version: 19.0.8
      '@types/react-dom':
        specifier: ^19.0.3
        version: 19.0.3(@types/react@19.0.8)

packages:

  '@fastify/flash@6.0.3':
    resolution: {integrity: sha512-MyUvkiIR9zRqfMPCuWeTf8uyYpPhL+eZH4oSTxvqtbW+ifbo1Bk1SJtlrxmFgu52ZAAKUnYtI5OuSY9/GR22SA==}

  '@fastify/passport@3.0.2':
    resolution: {integrity: sha512-pUzOxHTaTta6RvtbD4Ct4uTH7wWfgFtyj8apTu+IMe0w67qm5Q5fZsESOVdcC5IothVEySf54fyM9qQ5VNHP3A==}

  '@hexagon/base64@1.1.28':
    resolution: {integrity: sha512-lhqDEAvWixy3bZ+UOYbPwUbBkwBq5C1LAJ/xPC8Oi+lL54oyakv/npbA0aU2hgCsx/1NUd4IBvV03+aUBWxerw==}

  '@levischuck/tiny-cbor@0.2.11':
    resolution: {integrity: sha512-llBRm4dT4Z89aRsm6u2oEZ8tfwL/2l6BwpZ7JcyieouniDECM5AqNgr/y08zalEIvW3RSK4upYyybDcmjXqAow==}

  '@peculiar/asn1-android@2.3.15':
    resolution: {integrity: sha512-8U2TIj59cRlSXTX2d0mzUKP7whfWGFMzTeC3qPgAbccXFrPNZLaDhpNEdG5U2QZ/tBv/IHlCJ8s+KYXpJeop6w==}

  '@peculiar/asn1-ecc@2.3.15':
    resolution: {integrity: sha512-/HtR91dvgog7z/WhCVdxZJ/jitJuIu8iTqiyWVgRE9Ac5imt2sT/E4obqIVGKQw7PIy+X6i8lVBoT6wC73XUgA==}

  '@peculiar/asn1-rsa@2.3.15':
    resolution: {integrity: sha512-p6hsanvPhexRtYSOHihLvUUgrJ8y0FtOM97N5UEpC+VifFYyZa0iZ5cXjTkZoDwxJ/TTJ1IJo3HVTB2JJTpXvg==}

  '@peculiar/asn1-schema@2.3.15':
    resolution: {integrity: sha512-QPeD8UA8axQREpgR5UTAfu2mqQmm97oUqahDtNdBcfj3qAnoXzFdQW+aNf/tD2WVXF8Fhmftxoj0eMIT++gX2w==}

  '@peculiar/asn1-x509@2.3.15':
    resolution: {integrity: sha512-0dK5xqTqSLaxv1FHXIcd4Q/BZNuopg+u1l23hT9rOmQ1g4dNtw0g/RnEi+TboB0gOwGtrWn269v27cMgchFIIg==}

  '@redis/bloom@1.2.0':
    resolution: {integrity: sha512-HG2DFjYKbpNmVXsa0keLHp/3leGJz1mjh09f2RLGGLQZzSHpkmZWuwJbAvo3QcRY8p80m5+ZdXZdYOSBLlp7Cg==}
    peerDependencies:
      '@redis/client': ^1.0.0

  '@redis/client@1.6.0':
    resolution: {integrity: sha512-aR0uffYI700OEEH4gYnitAnv3vzVGXCFvYfdpu/CJKvk4pHfLPEy/JSZyrpQ+15WhXe1yJRXLtfQ84s4mEXnPg==}
    engines: {node: '>=14'}

  '@redis/graph@1.1.1':
    resolution: {integrity: sha512-FEMTcTHZozZciLRl6GiiIB4zGm5z5F3F6a6FZCyrfxdKOhFlGkiAqlexWMBzCi4DcRoyiOsuLfW+cjlGWyExOw==}
    peerDependencies:
      '@redis/client': ^1.0.0

  '@redis/json@1.0.7':
    resolution: {integrity: sha512-6UyXfjVaTBTJtKNG4/9Z8PSpKE6XgSyEb8iwaqDcy+uKrd/DGYHTWkUdnQDyzm727V7p21WUMhsqz5oy65kPcQ==}
    peerDependencies:
      '@redis/client': ^1.0.0

  '@redis/search@1.2.0':
    resolution: {integrity: sha512-tYoDBbtqOVigEDMAcTGsRlMycIIjwMCgD8eR2t0NANeQmgK/lvxNAvYyb6bZDD4frHRhIHkJu2TBRvB0ERkOmw==}
    peerDependencies:
      '@redis/client': ^1.0.0

  '@redis/time-series@1.1.0':
    resolution: {integrity: sha512-c1Q99M5ljsIuc4YdaCwfUEXsofakb9c8+Zse2qxTadu8TalLXuAESzLvFAvNVbkmSlvlzIQOLpBCmWI9wTOt+g==}
    peerDependencies:
      '@redis/client': ^1.0.0

  '@simplewebauthn/browser@13.1.0':
    resolution: {integrity: sha512-WuHZ/PYvyPJ9nxSzgHtOEjogBhwJfC8xzYkPC+rR/+8chl/ft4ngjiK8kSU5HtRJfczupyOh33b25TjYbvwAcg==}

  '@simplewebauthn/server@13.1.1':
    resolution: {integrity: sha512-1hsLpRHfSuMB9ee2aAdh0Htza/X3f4djhYISrggqGe3xopNjOcePiSDkDDoPzDYaaMCrbqGP1H2TYU7bgL9PmA==}
    engines: {node: '>=20.0.0'}

  '@simplewebauthn/types@12.0.0':
    resolution: {integrity: sha512-q6y8MkoV8V8jB4zzp18Uyj2I7oFp2/ONL8c3j8uT06AOWu3cIChc1au71QYHrP2b+xDapkGTiv+9lX7xkTlAsA==}

  '@types/node@22.13.1':
    resolution: {integrity: sha512-jK8uzQlrvXqEU91UxiK5J7pKHyzgnI1Qnl0QDHIgVGuolJhRb9EEl28Cj9b3rGR8B2lhFCtvIm5os8lFnO/1Ew==}

  '@types/react-dom@19.0.3':
    resolution: {integrity: sha512-0Knk+HJiMP/qOZgMyNFamlIjw9OFCsyC2ZbigmEEyXXixgre6IQpm/4V+r3qH4GC1JPvRJKInw+on2rV6YZLeA==}
    peerDependencies:
      '@types/react': ^19.0.0

  '@types/react@19.0.8':
    resolution: {integrity: sha512-9P/o1IGdfmQxrujGbIMDyYaaCykhLKc0NGCtYcECNUr9UAaDe4gwvV9bR6tvd5Br1SG0j+PBpbKr2UYY8CwqSw==}

  ansi-regex@5.0.1:
    resolution: {integrity: sha512-quJQXlTSUGL2LH9SUXo8VwsY4soanhgo6LNSm84E1LBcE8s3O0wpdiRzyR9z/ZZJMlMWv37qOOb9pdJlMUEKFQ==}
    engines: {node: '>=8'}

  ansi-styles@4.3.0:
    resolution: {integrity: sha512-zbB9rCJAT1rbjiVDb2hqKFHNYLxgtk8NURxZ3IZwD3F6NtxbXZQCnnSi1Lkx+IDohdPlFp222wVALIheZJQSEg==}
    engines: {node: '>=8'}

  asn1js@3.0.5:
    resolution: {integrity: sha512-FVnvrKJwpt9LP2lAMl8qZswRNm3T4q9CON+bxldk2iwk3FFpuwhx2FfinyitizWHsVYyaY+y5JzDR0rCMV5yTQ==}
    engines: {node: '>=12.0.0'}

  base64url@3.0.1:
    resolution: {integrity: sha512-ir1UPr3dkwexU7FdV8qBBbNDRUhMmIekYMFZfi+C/sLNnRESKPl23nB9b2pltqfOQNnGzsDdId90AEtG5tCx4A==}
    engines: {node: '>=6.0.0'}

  chalk@4.1.2:
    resolution: {integrity: sha512-oKnbhFyRIXpUuez8iBMmyEa4nbj4IOQyuhc/wy9kY7/WVPcwIO9VA668Pu8RkO7+0G76SLROeyw9CpQ061i4mA==}
    engines: {node: '>=10'}

  cliui@8.0.1:
    resolution: {integrity: sha512-BSeNnyus75C4//NQ9gQt1/csTXyo/8Sb+afLAkzAptFuMsod9HFokGNudZpi/oQV73hnVK+sR+5PVRMd+Dr7YQ==}
    engines: {node: '>=12'}

  cluster-key-slot@1.1.2:
    resolution: {integrity: sha512-RMr0FhtfXemyinomL4hrWcYJxmX6deFdCxpJzhDttxgO1+bcCnkk+9drydLVDmAMG7NE6aN/fl4F7ucU/90gAA==}
    engines: {node: '>=0.10.0'}

  color-convert@2.0.1:
    resolution: {integrity: sha512-RRECPsj7iu/xb5oKYcsFHSppFNnsj/52OVTRKb4zP5onXwVF3zVmmToNcOfGC+CRDpfK/U584fMg38ZHCaElKQ==}
    engines: {node: '>=7.0.0'}

  color-name@1.1.4:
    resolution: {integrity: sha512-dOy+3AuW3a2wNbZHIuMZpTcgjGuLU/uBL/ubcZF9OXbDo8ff4O8yVp5Bf0efS8uEoYo5q4Fx7dY9OgQGXgAsQA==}

  concurrently@9.1.2:
    resolution: {integrity: sha512-H9MWcoPsYddwbOGM6difjVwVZHl63nwMEwDJG/L7VGtuaJhb12h2caPG2tVPWs7emuYix252iGfqOyrz1GczTQ==}
    engines: {node: '>=18'}
    hasBin: true

  csstype@3.1.3:
    resolution: {integrity: sha512-M1uQkMl8rQK/szD0LNhtqxIPLpimGm8sOBwU7lLnCpSbTyY3yeU1Vc7l4KT5zT4s/yOxHH5O7tIuuLOCnLADRw==}

  emoji-regex@8.0.0:
    resolution: {integrity: sha512-MSjYzcWNOA0ewAHpz0MxpYFvwg6yjy1NG3xteoqz644VCo/RPgnr1/GGt+ic3iJTzQ8Eu3TdM14SawnVUmGE6A==}

  escalade@3.2.0:
    resolution: {integrity: sha512-WUj2qlxaQtO4g6Pq5c29GTcWGDyd8itL8zTlipgECz3JesAiiOKotd8JU6otB3PACgG6xkJUyVhboMS+bje/jA==}
    engines: {node: '>=6'}

  fastify-plugin@5.0.1:
    resolution: {integrity: sha512-HCxs+YnRaWzCl+cWRYFnHmeRFyR5GVnJTAaCJQiYzQSDwK9MgJdyAsuL3nh0EWRCYMgQ5MeziymvmAhUHYHDUQ==}

  generic-pool@3.9.0:
    resolution: {integrity: sha512-hymDOu5B53XvN4QT9dBmZxPX4CWhBPPLguTZ9MMFeFa/Kg0xWVfylOVNlJji/E7yTZWFd/q9GO5TxDLq156D7g==}
    engines: {node: '>= 4'}

  get-caller-file@2.0.5:
    resolution: {integrity: sha512-DyFP3BM/3YHTQOCUL/w0OZHR0lpKeGrxotcHWcqNEdnltqFwXVfhEBQ94eIo34AfQpo0rGki4cyIiftY06h2Fg==}
    engines: {node: 6.* || 8.* || >= 10.*}

  has-flag@4.0.0:
    resolution: {integrity: sha512-EykJT/Q1KjTWctppgIAgfSO0tKVuZUjhgMr17kqTumMl6Afv3EISleU7qZUzoXDFTAHTDC4NOoG/ZxU3EvlMPQ==}
    engines: {node: '>=8'}

  is-fullwidth-code-point@3.0.0:
    resolution: {integrity: sha512-zymm5+u+sCsSWyD9qNaejV3DFvhCKclKdizYaJUuHA83RLjb7nSuGnddCHGv0hk+KY7BMAlsWeK4Ueg6EV6XQg==}
    engines: {node: '>=8'}

  lodash@4.17.21:
    resolution: {integrity: sha512-v2kDEe57lecTulaDIuNTPy3Ry4gLGJ6Z1O3vE1krgXZNrsQ+LFTGHVxVjcXPs17LhbZVGedAJv8XZ1tvj5FvSg==}

  oauth@0.10.0:
    resolution: {integrity: sha512-1orQ9MT1vHFGQxhuy7E/0gECD3fd2fCC+PIX+/jgmU/gI3EpRocXtmtvxCO5x3WZ443FLTLFWNDjl5MPJf9u+Q==}

  passport-google-oauth20@2.0.0:
    resolution: {integrity: sha512-KSk6IJ15RoxuGq7D1UKK/8qKhNfzbLeLrG3gkLZ7p4A6DBCcv7xpyQwuXtWdpyR0+E0mwkpjY1VfPOhxQrKzdQ==}
    engines: {node: '>= 0.4.0'}

  passport-line@0.0.4:
    resolution: {integrity: sha512-Lhw909vXS7+adWfwaS5nh1PCwNy8e40F3U2dEyHwo/KW3SVuitecP2kJI8xoOO8M1WE6rPHMozNlZ4oaUylPHg==}
    engines: {node: '>= 0.10.0'}

  passport-oauth2@1.8.0:
    resolution: {integrity: sha512-cjsQbOrXIDE4P8nNb3FQRCCmJJ/utnFKEz2NX209f7KOHPoX18gF7gBzBbLLsj2/je4KrgiwLLGjf0lm9rtTBA==}
    engines: {node: '>= 0.4.0'}

  passport-strategy@1.0.0:
    resolution: {integrity: sha512-CB97UUvDKJde2V0KDWWB3lyf6PC3FaZP7YxZ2G8OAtn9p4HI9j9JLP9qjOGZFvyl8uwNT8qM+hGnz/n16NI7oA==}
    engines: {node: '>= 0.4.0'}

  pvtsutils@1.3.6:
    resolution: {integrity: sha512-PLgQXQ6H2FWCaeRak8vvk1GW462lMxB5s3Jm673N82zI4vqtVUPuZdffdZbPDFRoU8kAhItWFtPCWiPpp4/EDg==}

  pvutils@1.1.3:
    resolution: {integrity: sha512-pMpnA0qRdFp32b1sJl1wOJNxZLQ2cbQx+k6tjNtZ8CpvVhNqEPRgivZ2WOUev2YMajecdH7ctUPDvEe87nariQ==}
    engines: {node: '>=6.0.0'}

  redis@4.7.0:
    resolution: {integrity: sha512-zvmkHEAdGMn+hMRXuMBtu4Vo5P6rHQjLoHftu+lBqq8ZTA3RCVC/WzD790bkKKiNFp7d5/9PcSD19fJyyRvOdQ==}

  require-directory@2.1.1:
    resolution: {integrity: sha512-fGxEI7+wsG9xrvdjsrlmL22OMTTiHRwAMroiEeMgq8gzoLC/PQr7RsRDSTLUg/bZAZtF+TVIkHc6/4RIKrui+Q==}
    engines: {node: '>=0.10.0'}

  rxjs@7.8.1:
    resolution: {integrity: sha512-AA3TVj+0A2iuIoQkWEK/tqFjBq2j+6PO6Y0zJcvzLAFhEFIO3HL0vls9hWLncZbAAbK0mar7oZ4V079I/qPMxg==}

  shell-quote@1.8.2:
    resolution: {integrity: sha512-AzqKpGKjrj7EM6rKVQEPpB288oCfnrEIuyoT9cyF4nmGa7V8Zk6f7RRqYisX8X9m+Q7bd632aZW4ky7EhbQztA==}
    engines: {node: '>= 0.4'}

  string-width@4.2.3:
    resolution: {integrity: sha512-wKyQRQpjJ0sIp62ErSZdGsjMJWsap5oRNihHhu6G7JVO/9jIB6UyevL+tXuOqrng8j/cxKTWyWUwvSTriiZz/g==}
    engines: {node: '>=8'}

  strip-ansi@6.0.1:
    resolution: {integrity: sha512-Y38VPSHcqkFrCpFnQ9vuSXmquuv5oXOKpGeT6aGrr3o3Gc9AlVa6JBfUSOCnbxGGZF+/0ooI7KrPuUSztUdU5A==}
    engines: {node: '>=8'}

  supports-color@7.2.0:
    resolution: {integrity: sha512-qpCAvRl9stuOHveKsn7HncJRvv501qIacKzQlO/+Lwxc9+0q2wLyv4Dfvt80/DPn2pqOBsJdDiogXGR9+OvwRw==}
    engines: {node: '>=8'}

  supports-color@8.1.1:
    resolution: {integrity: sha512-MpUEN2OodtUzxvKQl72cUF7RQ5EiHsGvSsVG0ia9c5RbWGL2CI4C7EpPS8UTBIplnlzZiNuV56w+FuNxy3ty2Q==}
    engines: {node: '>=10'}

  tree-kill@1.2.2:
    resolution: {integrity: sha512-L0Orpi8qGpRG//Nd+H90vFB+3iHnue1zSSGmNOOCh1GLJ7rUKVwV2HvijphGQS2UmhUZewS9VgvxYIdgr+fG1A==}
    hasBin: true

  tslib@2.8.1:
    resolution: {integrity: sha512-oJFu94HQb+KVduSUQL7wnpmqnfmLsOA/nAh6b6EH0wCEoK0/mPeXU6c3wKDV83MkOuHPRHtSXKKU99IBazS/2w==}

  uid2@0.0.4:
    resolution: {integrity: sha512-IevTus0SbGwQzYh3+fRsAMTVVPOoIVufzacXcHPmdlle1jUpq7BRL+mw3dgeLanvGZdwwbWhRV6XrcFNdBmjWA==}

  undici-types@6.20.0:
    resolution: {integrity: sha512-Ny6QZ2Nju20vw1SRHe3d9jVu6gJ+4e3+MMpqu7pqE5HT6WsTSlce++GQmK5UXS8mzV8DSYHrQH+Xrf2jVcuKNg==}

  utils-merge@1.0.1:
    resolution: {integrity: sha512-pMZTvIkT1d+TFGvDOqodOclx0QWkkgi6Tdoa8gC8ffGAAqz9pzPTZWAybbsHHoED/ztMtkv/VoYTYyShUn81hA==}
    engines: {node: '>= 0.4.0'}

  wrap-ansi@7.0.0:
    resolution: {integrity: sha512-YVGIj2kamLSTxw6NsZjoBxfSwsn0ycdesmc4p+Q21c5zPuZ1pl+NfxVdxPtdHvmNVOQ6XSYG4AUtyt/Fi7D16Q==}
    engines: {node: '>=10'}

  y18n@5.0.8:
    resolution: {integrity: sha512-0pfFzegeDWJHJIAmTLRP2DwHjdF5s7jo9tuztdQxAhINCdvS+3nGINqPd00AphqJR/0LhANUS6/+7SCb98YOfA==}
    engines: {node: '>=10'}

  yallist@4.0.0:
    resolution: {integrity: sha512-3wdGidZyq5PB084XLES5TpOSRA3wjXAlIWMhum2kRcv/41Sn2emQ0dycQW4uZXLejwKvg6EsvbdlVL+FYEct7A==}

  yargs-parser@21.1.1:
    resolution: {integrity: sha512-tVpsJW7DdjecAiFpbIB1e3qxIQsE6NoPc5/eTdrbbIC4h0LVsWhnoa3g+m2HclBIujHzsxZ4VJVA+GUuc2/LBw==}
    engines: {node: '>=12'}

  yargs@17.7.2:
    resolution: {integrity: sha512-7dSzzRQ++CKnNI/krKnYRV7JKKPUXMEh61soaHKg9mrWEhzFWhFnxPxGl+69cD1Ou63C13NUPCnmIcrvqCuM6w==}
    engines: {node: '>=12'}

snapshots:

  '@fastify/flash@6.0.3':
    dependencies:
      fastify-plugin: 5.0.1

  '@fastify/passport@3.0.2':
    dependencies:
      '@fastify/flash': 6.0.3
      fastify-plugin: 5.0.1

  '@hexagon/base64@1.1.28': {}

  '@levischuck/tiny-cbor@0.2.11': {}

  '@peculiar/asn1-android@2.3.15':
    dependencies:
      '@peculiar/asn1-schema': 2.3.15
      asn1js: 3.0.5
      tslib: 2.8.1

  '@peculiar/asn1-ecc@2.3.15':
    dependencies:
      '@peculiar/asn1-schema': 2.3.15
      '@peculiar/asn1-x509': 2.3.15
      asn1js: 3.0.5
      tslib: 2.8.1

  '@peculiar/asn1-rsa@2.3.15':
    dependencies:
      '@peculiar/asn1-schema': 2.3.15
      '@peculiar/asn1-x509': 2.3.15
      asn1js: 3.0.5
      tslib: 2.8.1

  '@peculiar/asn1-schema@2.3.15':
    dependencies:
      asn1js: 3.0.5
      pvtsutils: 1.3.6
      tslib: 2.8.1

  '@peculiar/asn1-x509@2.3.15':
    dependencies:
      '@peculiar/asn1-schema': 2.3.15
      asn1js: 3.0.5
      pvtsutils: 1.3.6
      tslib: 2.8.1

  '@redis/bloom@1.2.0(@redis/client@1.6.0)':
    dependencies:
      '@redis/client': 1.6.0

  '@redis/client@1.6.0':
    dependencies:
      cluster-key-slot: 1.1.2
      generic-pool: 3.9.0
      yallist: 4.0.0

  '@redis/graph@1.1.1(@redis/client@1.6.0)':
    dependencies:
      '@redis/client': 1.6.0

  '@redis/json@1.0.7(@redis/client@1.6.0)':
    dependencies:
      '@redis/client': 1.6.0

  '@redis/search@1.2.0(@redis/client@1.6.0)':
    dependencies:
      '@redis/client': 1.6.0

  '@redis/time-series@1.1.0(@redis/client@1.6.0)':
    dependencies:
      '@redis/client': 1.6.0

  '@simplewebauthn/browser@13.1.0': {}

  '@simplewebauthn/server@13.1.1':
    dependencies:
      '@hexagon/base64': 1.1.28
      '@levischuck/tiny-cbor': 0.2.11
      '@peculiar/asn1-android': 2.3.15
      '@peculiar/asn1-ecc': 2.3.15
      '@peculiar/asn1-rsa': 2.3.15
      '@peculiar/asn1-schema': 2.3.15
      '@peculiar/asn1-x509': 2.3.15

  '@simplewebauthn/types@12.0.0': {}

  '@types/node@22.13.1':
    dependencies:
      undici-types: 6.20.0

  '@types/react-dom@19.0.3(@types/react@19.0.8)':
    dependencies:
      '@types/react': 19.0.8

  '@types/react@19.0.8':
    dependencies:
      csstype: 3.1.3

  ansi-regex@5.0.1: {}

  ansi-styles@4.3.0:
    dependencies:
      color-convert: 2.0.1

  asn1js@3.0.5:
    dependencies:
      pvtsutils: 1.3.6
      pvutils: 1.1.3
      tslib: 2.8.1

  base64url@3.0.1: {}

  chalk@4.1.2:
    dependencies:
      ansi-styles: 4.3.0
      supports-color: 7.2.0

  cliui@8.0.1:
    dependencies:
      string-width: 4.2.3
      strip-ansi: 6.0.1
      wrap-ansi: 7.0.0

  cluster-key-slot@1.1.2: {}

  color-convert@2.0.1:
    dependencies:
      color-name: 1.1.4

  color-name@1.1.4: {}

  concurrently@9.1.2:
    dependencies:
      chalk: 4.1.2
      lodash: 4.17.21
      rxjs: 7.8.1
      shell-quote: 1.8.2
      supports-color: 8.1.1
      tree-kill: 1.2.2
      yargs: 17.7.2

  csstype@3.1.3: {}

  emoji-regex@8.0.0: {}

  escalade@3.2.0: {}

  fastify-plugin@5.0.1: {}

  generic-pool@3.9.0: {}

  get-caller-file@2.0.5: {}

  has-flag@4.0.0: {}

  is-fullwidth-code-point@3.0.0: {}

  lodash@4.17.21: {}

  oauth@0.10.0: {}

  passport-google-oauth20@2.0.0:
    dependencies:
      passport-oauth2: 1.8.0

  passport-line@0.0.4:
    dependencies:
      passport-oauth2: 1.8.0

  passport-oauth2@1.8.0:
    dependencies:
      base64url: 3.0.1
      oauth: 0.10.0
      passport-strategy: 1.0.0
      uid2: 0.0.4
      utils-merge: 1.0.1

  passport-strategy@1.0.0: {}

  pvtsutils@1.3.6:
    dependencies:
      tslib: 2.8.1

  pvutils@1.1.3: {}

  redis@4.7.0:
    dependencies:
      '@redis/bloom': 1.2.0(@redis/client@1.6.0)
      '@redis/client': 1.6.0
      '@redis/graph': 1.1.1(@redis/client@1.6.0)
      '@redis/json': 1.0.7(@redis/client@1.6.0)
      '@redis/search': 1.2.0(@redis/client@1.6.0)
      '@redis/time-series': 1.1.0(@redis/client@1.6.0)

  require-directory@2.1.1: {}

  rxjs@7.8.1:
    dependencies:
      tslib: 2.8.1

  shell-quote@1.8.2: {}

  string-width@4.2.3:
    dependencies:
      emoji-regex: 8.0.0
      is-fullwidth-code-point: 3.0.0
      strip-ansi: 6.0.1

  strip-ansi@6.0.1:
    dependencies:
      ansi-regex: 5.0.1

  supports-color@7.2.0:
    dependencies:
      has-flag: 4.0.0

  supports-color@8.1.1:
    dependencies:
      has-flag: 4.0.0

  tree-kill@1.2.2: {}

  tslib@2.8.1: {}

  uid2@0.0.4: {}

  undici-types@6.20.0: {}

  utils-merge@1.0.1: {}

  wrap-ansi@7.0.0:
    dependencies:
      ansi-styles: 4.3.0
      string-width: 4.2.3
      strip-ansi: 6.0.1

  y18n@5.0.8: {}

  yallist@4.0.0: {}

  yargs-parser@21.1.1: {}

  yargs@17.7.2:
    dependencies:
      cliui: 8.0.1
      escalade: 3.2.0
      get-caller-file: 2.0.5
      require-directory: 2.1.1
      string-width: 4.2.3
      y18n: 5.0.8
      yargs-parser: 21.1.1
